
Microsoft Visual Studio Solution File, Format Version 12.00
# Visual Studio Version 16
VisualStudioVersion = 16.0.32228.343
MinimumVisualStudioVersion = 10.0.40219.1
Project("{9A19103F-16F7-4668-BE54-9A1E7A4F7556}") = "newAdmin", "newAdmin\newAdmin.csproj", "{AD9F1F81-C1FD-4CBB-BE19-90AF4AB7C1EC}"
EndProject
Project("{FAE04EC0-301F-11D3-BF4B-00C04F79EFBC}") = "ApiNoticia", "ApiNoticia\ApiNoticia.csproj", "{CF04D1D6-6ACF-4376-84D7-24FF90A4A5BA}"
EndProject
Global
	GlobalSection(SolutionConfigurationPlatforms) = preSolution
		Debug|Any CPU = Debug|Any CPU
		Release|Any CPU = Release|Any CPU
	EndGlobalSection
	GlobalSection(ProjectConfigurationPlatforms) = postSolution
		{AD9F1F81-C1FD-4CBB-BE19-90AF4AB7C1EC}.Debug|Any CPU.ActiveCfg = Debug|Any CPU
		{AD9F1F81-C1FD-4CBB-BE19-90AF4AB7C1EC}.Debug|Any CPU.Build.0 = Debug|Any CPU
		{AD9F1F81-C1FD-4CBB-BE19-90AF4AB7C1EC}.Release|Any CPU.ActiveCfg = Release|Any CPU
		{AD9F1F81-C1FD-4CBB-BE19-90AF4AB7C1EC}.Release|Any CPU.Build.0 = Release|Any CPU
		{CF04D1D6-6ACF-4376-84D7-24FF90A4A5BA}.Debug|Any CPU.ActiveCfg = Debug|Any CPU
		{CF04D1D6-6ACF-4376-84D7-24FF90A4A5BA}.Debug|Any CPU.Build.0 = Debug|Any CPU
		{CF04D1D6-6ACF-4376-84D7-24FF90A4A5BA}.Release|Any CPU.ActiveCfg = Release|Any CPU
		{CF04D1D6-6ACF-4376-84D7-24FF90A4A5BA}.Release|Any CPU.Build.0 = Release|Any CPU
	EndGlobalSection
	GlobalSection(SolutionProperties) = preSolution
		HideSolutionNode = FALSE
	EndGlobalSection
	GlobalSection(ExtensibilityGlobals) = postSolution
		SolutionGuid = {502E599F-AA21-4FD9-973C-1458CA01AEA3}
	EndGlobalSection
EndGlobal
